# This file is automatically @generated by Poetry 1.8.4 and should not be changed by hand.

[[package]]
name = "pysimplegui"
version = "4.70.1"
description = "Python GUIs for Humans. Launched in 2018. It's 2024 & PySimpleGUI is an ACTIVE project. Super-simple to create custom GUI's. 340+ Demo programs & Cookbook for rapid start. Extensive documentation.  Great for beginners & advanced GUI programmers."
optional = false
python-versions = "*"
files = [
    {file = "PySimpleGUI-4.70.1-py3-none-any.whl", hash = "sha256:afdf64aaac0a6231b1bdac4c033a75daf8e259edb77b156fa86f6e2763bb8efd"},
    {file = "PySimpleGUI-4.70.1.tar.gz", hash = "sha256:84b2bd09435a41d0a9cfd7ecbb464daa0557174cfd099068524266ed43b3525f"},
]

[[package]]
name = "wand"
version = "0.6.13"
description = "Ctypes-based simple MagickWand API binding for Python"
optional = false
python-versions = "*"
files = [
    {file = "Wand-0.6.13-py2.py3-none-any.whl", hash = "sha256:e5dda0ac2204a40c29ef5c4cb310770c95d3d05c37b1379e69c94ea79d7d19c0"},
    {file = "Wand-0.6.13.tar.gz", hash = "sha256:f5013484eaf7a20eb22d1821aaefe60b50cc329722372b5f8565d46d4aaafcca"},
]

[package.extras]
doc = ["Sphinx (>=5.3.0)"]
test = ["pytest (>=7.2.0)"]

[metadata]
lock-version = "2.0"
python-versions = "^3.12"
content-hash = "803756a10a8b2c7a287fbce3a93ca78f9d7e031edf37d49f1ae8a05edb12e65d"
